// !$*UTF8*$!
{
	archiveVersion = 1;
	classes = {
	};
	objectVersion = 56;
	objects = {

/* Begin PBXBuildFile section */
		961F7136294184F80041882E /* AppDelegate.swift in Sources */ = {isa = PBXBuildFile; fileRef = 961F7135294184F80041882E /* AppDelegate.swift */; };
		961F7138294184F80041882E /* SceneDelegate.swift in Sources */ = {isa = PBXBuildFile; fileRef = 961F7137294184F80041882E /* SceneDelegate.swift */; };
		961F713A294184F80041882E /* LoginViewController.swift in Sources */ = {isa = PBXBuildFile; fileRef = 961F7139294184F80041882E /* LoginViewController.swift */; };
		961F713D294184F80041882E /* Main.storyboard in Resources */ = {isa = PBXBuildFile; fileRef = 961F713B294184F80041882E /* Main.storyboard */; };
		961F713F294184F90041882E /* Assets.xcassets in Resources */ = {isa = PBXBuildFile; fileRef = 961F713E294184F90041882E /* Assets.xcassets */; };
		961F7142294184F90041882E /* LaunchScreen.storyboard in Resources */ = {isa = PBXBuildFile; fileRef = 961F7140294184F90041882E /* LaunchScreen.storyboard */; };
		961F714A29419B780041882E /* WelcomeViewController.swift in Sources */ = {isa = PBXBuildFile; fileRef = 961F714929419B780041882E /* WelcomeViewController.swift */; };
		961F718D2944317C0041882E /* User.swift in Sources */ = {isa = PBXBuildFile; fileRef = 961F718C2944317C0041882E /* User.swift */; };
		961F718F2944318A0041882E /* DisplayColor.swift in Sources */ = {isa = PBXBuildFile; fileRef = 961F718E2944318A0041882E /* DisplayColor.swift */; };
		961F7191294432500041882E /* InfoViewController.swift in Sources */ = {isa = PBXBuildFile; fileRef = 961F7190294432500041882E /* InfoViewController.swift */; };
		961F7193294433F20041882E /* MoreInfoViewController.swift in Sources */ = {isa = PBXBuildFile; fileRef = 961F7192294433F20041882E /* MoreInfoViewController.swift */; };
/* End PBXBuildFile section */

/* Begin PBXFileReference section */
		961F7132294184F80041882E /* LogInAppNew.app */ = {isa = PBXFileReference; explicitFileType = wrapper.application; includeInIndex = 0; path = LogInAppNew.app; sourceTree = BUILT_PRODUCTS_DIR; };
		961F7135294184F80041882E /* AppDelegate.swift */ = {isa = PBXFileReference; lastKnownFileType = sourcecode.swift; path = AppDelegate.swift; sourceTree = "<group>"; };
		961F7137294184F80041882E /* SceneDelegate.swift */ = {isa = PBXFileReference; lastKnownFileType = sourcecode.swift; path = SceneDelegate.swift; sourceTree = "<group>"; };
		961F7139294184F80041882E /* LoginViewController.swift */ = {isa = PBXFileReference; lastKnownFileType = sourcecode.swift; path = LoginViewController.swift; sourceTree = "<group>"; };
		961F713C294184F80041882E /* Base */ = {isa = PBXFileReference; lastKnownFileType = file.storyboard; name = Base; path = Base.lproj/Main.storyboard; sourceTree = "<group>"; };
		961F713E294184F90041882E /* Assets.xcassets */ = {isa = PBXFileReference; lastKnownFileType = folder.assetcatalog; path = Assets.xcassets; sourceTree = "<group>"; };
		961F7141294184F90041882E /* Base */ = {isa = PBXFileReference; lastKnownFileType = file.storyboard; name = Base; path = Base.lproj/LaunchScreen.storyboard; sourceTree = "<group>"; };
		961F7143294184F90041882E /* Info.plist */ = {isa = PBXFileReference; lastKnownFileType = text.plist.xml; path = Info.plist; sourceTree = "<group>"; };
		961F714929419B780041882E /* WelcomeViewController.swift */ = {isa = PBXFileReference; lastKnownFileType = sourcecode.swift; path = WelcomeViewController.swift; sourceTree = "<group>"; };
		961F718C2944317C0041882E /* User.swift */ = {isa = PBXFileReference; lastKnownFileType = sourcecode.swift; path = User.swift; sourceTree = "<group>"; };
		961F718E2944318A0041882E /* DisplayColor.swift */ = {isa = PBXFileReference; lastKnownFileType = sourcecode.swift; path = DisplayColor.swift; sourceTree = "<group>"; };
		961F7190294432500041882E /* InfoViewController.swift */ = {isa = PBXFileReference; lastKnownFileType = sourcecode.swift; path = InfoViewController.swift; sourceTree = "<group>"; };
		961F7192294433F20041882E /* MoreInfoViewController.swift */ = {isa = PBXFileReference; lastKnownFileType = sourcecode.swift; path = MoreInfoViewController.swift; sourceTree = "<group>"; };
/* End PBXFileReference section */

/* Begin PBXFrameworksBuildPhase section */
		961F712F294184F80041882E /* Frameworks */ = {
			isa = PBXFrameworksBuildPhase;
			buildActionMask = 2147483647;
			files = (
			);
			runOnlyForDeploymentPostprocessing = 0;
		};
/* End PBXFrameworksBuildPhase section */

/* Begin PBXGroup section */
		961F7129294184F80041882E = {
			isa = PBXGroup;
			children = (
				961F7134294184F80041882E /* LogInAppNew */,
				961F7133294184F80041882E /* Products */,
			);
			sourceTree = "<group>";
		};
		961F7133294184F80041882E /* Products */ = {
			isa = PBXGroup;
			children = (
				961F7132294184F80041882E /* LogInAppNew.app */,
			);
			name = Products;
			sourceTree = "<group>";
		};
		961F7134294184F80041882E /* LogInAppNew */ = {
			isa = PBXGroup;
			children = (
				961F7186294430EC0041882E /* ViewControllers */,
				961F718B2944315E0041882E /* Models */,
				961F7187294431050041882E /* Storyboards */,
				961F718A294431380041882E /* Supporting */,
				961F71892944312B0041882E /* Resources */,
			);
			path = LogInAppNew;
			sourceTree = "<group>";
		};
		961F7186294430EC0041882E /* ViewControllers */ = {
			isa = PBXGroup;
			children = (
				961F7139294184F80041882E /* LoginViewController.swift */,
				961F714929419B780041882E /* WelcomeViewController.swift */,
				961F7190294432500041882E /* InfoViewController.swift */,
				961F7192294433F20041882E /* MoreInfoViewController.swift */,
			);
			path = ViewControllers;
			sourceTree = "<group>";
		};
		961F7187294431050041882E /* Storyboards */ = {
			isa = PBXGroup;
			children = (
				961F713B294184F80041882E /* Main.storyboard */,
				961F7140294184F90041882E /* LaunchScreen.storyboard */,
			);
			path = Storyboards;
			sourceTree = "<group>";
		};
		961F71892944312B0041882E /* Resources */ = {
			isa = PBXGroup;
			children = (
				961F713E294184F90041882E /* Assets.xcassets */,
			);
			path = Resources;
			sourceTree = "<group>";
		};
		961F718A294431380041882E /* Supporting */ = {
			isa = PBXGroup;
			children = (
				961F7135294184F80041882E /* AppDelegate.swift */,
				961F7137294184F80041882E /* SceneDelegate.swift */,
				961F7143294184F90041882E /* Info.plist */,
			);
			path = Supporting;
			sourceTree = "<group>";
		};
		961F718B2944315E0041882E /* Models */ = {
			isa = PBXGroup;
			children = (
				961F718C2944317C0041882E /* User.swift */,
				961F718E2944318A0041882E /* DisplayColor.swift */,
			);
			path = Models;
			sourceTree = "<group>";
		};
/* End PBXGroup section */

/* Begin PBXNativeTarget section */
		961F7131294184F80041882E /* LogInAppNew */ = {
			isa = PBXNativeTarget;
			buildConfigurationList = 961F7146294184F90041882E /* Build configuration list for PBXNativeTarget "LogInAppNew" */;
			buildPhases = (
				961F712E294184F80041882E /* Sources */,
				961F712F294184F80041882E /* Frameworks */,
				961F7130294184F80041882E /* Resources */,
			);
			buildRules = (
			);
			dependencies = (
			);
			name = LogInAppNew;
			productName = LogInAppNew;
			productReference = 961F7132294184F80041882E /* LogInAppNew.app */;
			productType = "com.apple.product-type.application";
		};
/* End PBXNativeTarget section */

/* Begin PBXProject section */
		961F712A294184F80041882E /* Project object */ = {
			isa = PBXProject;
			attributes = {
				BuildIndependentTargetsInParallel = 1;
				LastSwiftUpdateCheck = 1410;
				LastUpgradeCheck = 1410;
				TargetAttributes = {
					961F7131294184F80041882E = {
						CreatedOnToolsVersion = 14.1;
					};
				};
			};
			buildConfigurationList = 961F712D294184F80041882E /* Build configuration list for PBXProject "LogInAppNew" */;
			compatibilityVersion = "Xcode 14.0";
			developmentRegion = en;
			hasScannedForEncodings = 0;
			knownRegions = (
				en,
				Base,
			);
			mainGroup = 961F7129294184F80041882E;
			productRefGroup = 961F7133294184F80041882E /* Products */;
			projectDirPath = "";
			projectRoot = "";
			targets = (
				961F7131294184F80041882E /* LogInAppNew */,
			);
		};
/* End PBXProject section */

/* Begin PBXResourcesBuildPhase section */
		961F7130294184F80041882E /* Resources */ = {
			isa = PBXResourcesBuildPhase;
			buildActionMask = 2147483647;
			files = (
				961F7142294184F90041882E /* LaunchScreen.storyboard in Resources */,
				961F713F294184F90041882E /* Assets.xcassets in Resources */,
				961F713D294184F80041882E /* Main.storyboard in Resources */,
			);
			runOnlyForDeploymentPostprocessing = 0;
		};
/* End PBXResourcesBuildPhase section */

/* Begin PBXSourcesBuildPhase section */
		961F712E294184F80041882E /* Sources */ = {
			isa = PBXSourcesBuildPhase;
			buildActionMask = 2147483647;
			files = (
				961F713A294184F80041882E /* LoginViewController.swift in Sources */,
				961F714A29419B780041882E /* WelcomeViewController.swift in Sources */,
				961F7136294184F80041882E /* AppDelegate.swift in Sources */,
				961F7191294432500041882E /* InfoViewController.swift in Sources */,
				961F718D2944317C0041882E /* User.swift in Sources */,
				961F7193294433F20041882E /* MoreInfoViewController.swift in Sources */,
				961F718F2944318A0041882E /* DisplayColor.swift in Sources */,
				961F7138294184F80041882E /* SceneDelegate.swift in Sources */,
			);
			runOnlyForDeploymentPostprocessing = 0;
		};
/* End PBXSourcesBuildPhase section */

/* Begin PBXVariantGroup section */
		961F713B294184F80041882E /* Main.storyboard */ = {
			isa = PBXVariantGroup;
			children = (
				961F713C294184F80041882E /* Base */,
			);
			name = Main.storyboard;
			sourceTree = "<group>";
		};
		961F7140294184F90041882E /* LaunchScreen.storyboard */ = {
			isa = PBXVariantGroup;
			children = (
				961F7141294184F90041882E /* Base */,
			);
			name = LaunchScreen.storyboard;
			sourceTree = "<group>";
		};
/* End PBXVariantGroup section */

/* Begin XCBuildConfiguration section */
		961F7144294184F90041882E /* Debug */ = {
			isa = XCBuildConfiguration;
			buildSettings = {
				ALWAYS_SEARCH_USER_PATHS = NO;
				CLANG_ANALYZER_NONNULL = YES;
				CLANG_ANALYZER_NUMBER_OBJECT_CONVERSION = YES_AGGRESSIVE;
				CLANG_CXX_LANGUAGE_STANDARD = "gnu++20";
				CLANG_ENABLE_MODULES = YES;
				CLANG_ENABLE_OBJC_ARC = YES;
				CLANG_ENABLE_OBJC_WEAK = YES;
				CLANG_WARN_BLOCK_CAPTURE_AUTORELEASING = YES;
				CLANG_WARN_BOOL_CONVERSION = YES;
				CLANG_WARN_COMMA = YES;
				CLANG_WARN_CONSTANT_CONVERSION = YES;
				CLANG_WARN_DEPRECATED_OBJC_IMPLEMENTATIONS = YES;
				CLANG_WARN_DIRECT_OBJC_ISA_USAGE = YES_ERROR;
				CLANG_WARN_DOCUMENTATION_COMMENTS = YES;
				CLANG_WARN_EMPTY_BODY = YES;
				CLANG_WARN_ENUM_CONVERSION = YES;
				CLANG_WARN_INFINITE_RECURSION = YES;
				CLANG_WARN_INT_CONVERSION = YES;
				CLANG_WARN_NON_LITERAL_NULL_CONVERSION = YES;
				CLANG_WARN_OBJC_IMPLICIT_RETAIN_SELF = YES;
				CLANG_WARN_OBJC_LITERAL_CONVERSION = YES;
				CLANG_WARN_OBJC_ROOT_CLASS = YES_ERROR;
				CLANG_WARN_QUOTED_INCLUDE_IN_FRAMEWORK_HEADER = YES;
				CLANG_WARN_RANGE_LOOP_ANALYSIS = YES;
				CLANG_WARN_STRICT_PROTOTYPES = YES;
				CLANG_WARN_SUSPICIOUS_MOVE = YES;
				CLANG_WARN_UNGUARDED_AVAILABILITY = YES_AGGRESSIVE;
				CLANG_WARN_UNREACHABLE_CODE = YES;
				CLANG_WARN__DUPLICATE_METHOD_MATCH = YES;
				COPY_PHASE_STRIP = NO;
				DEBUG_INFORMATION_FORMAT = dwarf;
				ENABLE_STRICT_OBJC_MSGSEND = YES;
				ENABLE_TESTABILITY = YES;
				GCC_C_LANGUAGE_STANDARD = gnu11;
				GCC_DYNAMIC_NO_PIC = NO;
				GCC_NO_COMMON_BLOCKS = YES;
				GCC_OPTIMIZATION_LEVEL = 0;
				GCC_PREPROCESSOR_DEFINITIONS = (
					"DEBUG=1",
					"$(inherited)",
				);
				GCC_WARN_64_TO_32_BIT_CONVERSION = YES;
				GCC_WARN_ABOUT_RETURN_TYPE = YES_ERROR;
				GCC_WARN_UNDECLARED_SELECTOR = YES;
				GCC_WARN_UNINITIALIZED_AUTOS = YES_AGGRESSIVE;
				GCC_WARN_UNUSED_FUNCTION = YES;
				GCC_WARN_UNUSED_VARIABLE = YES;
				IPHONEOS_DEPLOYMENT_TARGET = 16.1;
				MTL_ENABLE_DEBUG_INFO = INCLUDE_SOURCE;
				MTL_FAST_MATH = YES;
				ONLY_ACTIVE_ARCH = YES;
				SDKROOT = iphoneos;
				SWIFT_ACTIVE_COMPILATION_CONDITIONS = DEBUG;
				SWIFT_OPTIMIZATION_LEVEL = "-Onone";
			};
			name = Debug;
		};
		961F7145294184F90041882E /* Release */ = {
			isa = XCBuildConfiguration;
			buildSettings = {
				ALWAYS_SEARCH_USER_PATHS = NO;
				CLANG_ANALYZER_NONNULL = YES;
				CLANG_ANALYZER_NUMBER_OBJECT_CONVERSION = YES_AGGRESSIVE;
				CLANG_CXX_LANGUAGE_STANDARD = "gnu++20";
				CLANG_ENABLE_MODULES = YES;
				CLANG_ENABLE_OBJC_ARC = YES;
				CLANG_ENABLE_OBJC_WEAK = YES;
				CLANG_WARN_BLOCK_CAPTURE_AUTORELEASING = YES;
				CLANG_WARN_BOOL_CONVERSION = YES;
				CLANG_WARN_COMMA = YES;
				CLANG_WARN_CONSTANT_CONVERSION = YES;
				CLANG_WARN_DEPRECATED_OBJC_IMPLEMENTATIONS = YES;
				CLANG_WARN_DIRECT_OBJC_ISA_USAGE = YES_ERROR;
				CLANG_WARN_DOCUMENTATION_COMMENTS = YES;
				CLANG_WARN_EMPTY_BODY = YES;
				CLANG_WARN_ENUM_CONVERSION = YES;
				CLANG_WARN_INFINITE_RECURSION = YES;
				CLANG_WARN_INT_CONVERSION = YES;
				CLANG_WARN_NON_LITERAL_NULL_CONVERSION = YES;
				CLANG_WARN_OBJC_IMPLICIT_RETAIN_SELF = YES;
				CLANG_WARN_OBJC_LITERAL_CONVERSION = YES;
				CLANG_WARN_OBJC_ROOT_CLASS = YES_ERROR;
				CLANG_WARN_QUOTED_INCLUDE_IN_FRAMEWORK_HEADER = YES;
				CLANG_WARN_RANGE_LOOP_ANALYSIS = YES;
				CLANG_WARN_STRICT_PROTOTYPES = YES;
				CLANG_WARN_SUSPICIOUS_MOVE = YES;
				CLANG_WARN_UNGUARDED_AVAILABILITY = YES_AGGRESSIVE;
				CLANG_WARN_UNREACHABLE_CODE = YES;
				CLANG_WARN__DUPLICATE_METHOD_MATCH = YES;
				COPY_PHASE_STRIP = NO;
				DEBUG_INFORMATION_FORMAT = "dwarf-with-dsym";
				ENABLE_NS_ASSERTIONS = NO;
				ENABLE_STRICT_OBJC_MSGSEND = YES;
				GCC_C_LANGUAGE_STANDARD = gnu11;
				GCC_NO_COMMON_BLOCKS = YES;
				GCC_WARN_64_TO_32_BIT_CONVERSION = YES;
				GCC_WARN_ABOUT_RETURN_TYPE = YES_ERROR;
				GCC_WARN_UNDECLARED_SELECTOR = YES;
				GCC_WARN_UNINITIALIZED_AUTOS = YES_AGGRESSIVE;
				GCC_WARN_UNUSED_FUNCTION = YES;
				GCC_WARN_UNUSED_VARIABLE = YES;
				IPHONEOS_DEPLOYMENT_TARGET = 16.1;
				MTL_ENABLE_DEBUG_INFO = NO;
				MTL_FAST_MATH = YES;
				SDKROOT = iphoneos;
				SWIFT_COMPILATION_MODE = wholemodule;
				SWIFT_OPTIMIZATION_LEVEL = "-O";
				VALIDATE_PRODUCT = YES;
			};
			name = Release;
		};
		961F7147294184F90041882E /* Debug */ = {
			isa = XCBuildConfiguration;
			buildSettings = {
				ASSETCATALOG_COMPILER_APPICON_NAME = AppIcon;
				ASSETCATALOG_COMPILER_GLOBAL_ACCENT_COLOR_NAME = AccentColor;
				CODE_SIGN_STYLE = Automatic;
				CURRENT_PROJECT_VERSION = 1;
				DEVELOPMENT_TEAM = HW5V2H79D4;
				GENERATE_INFOPLIST_FILE = YES;
				INFOPLIST_FILE = LogInAppNew/Supporting/Info.plist;
				INFOPLIST_KEY_UIApplicationSupportsIndirectInputEvents = YES;
				INFOPLIST_KEY_UILaunchStoryboardName = LaunchScreen;
				INFOPLIST_KEY_UIMainStoryboardFile = Main;
				INFOPLIST_KEY_UISupportedInterfaceOrientations = UIInterfaceOrientationPortrait;
				IPHONEOS_DEPLOYMENT_TARGET = 16.1;
				LD_RUNPATH_SEARCH_PATHS = (
					"$(inherited)",
					"@executable_path/Frameworks",
				);
				MARKETING_VERSION = 1.0;
				PRODUCT_BUNDLE_IDENTIFIER = "Sergey-Kosichkin.LogInAppNew";
				PRODUCT_NAME = "$(TARGET_NAME)";
				SWIFT_EMIT_LOC_STRINGS = YES;
				SWIFT_VERSION = 5.0;
				TARGETED_DEVICE_FAMILY = "1,2";
			};
			name = Debug;
		};
		961F7148294184F90041882E /* Release */ = {
			isa = XCBuildConfiguration;
			buildSettings = {
				ASSETCATALOG_COMPILER_APPICON_NAME = AppIcon;
				ASSETCATALOG_COMPILER_GLOBAL_ACCENT_COLOR_NAME = AccentColor;
				CODE_SIGN_STYLE = Automatic;
				CURRENT_PROJECT_VERSION = 1;
				DEVELOPMENT_TEAM = HW5V2H79D4;
				GENERATE_INFOPLIST_FILE = YES;
				INFOPLIST_FILE = LogInAppNew/Supporting/Info.plist;
				INFOPLIST_KEY_UIApplicationSupportsIndirectInputEvents = YES;
				INFOPLIST_KEY_UILaunchStoryboardName = LaunchScreen;
				INFOPLIST_KEY_UIMainStoryboardFile = Main;
				INFOPLIST_KEY_UISupportedInterfaceOrientations = UIInterfaceOrientationPortrait;
				IPHONEOS_DEPLOYMENT_TARGET = 16.1;
				LD_RUNPATH_SEARCH_PATHS = (
					"$(inherited)",
					"@executable_path/Frameworks",
				);
				MARKETING_VERSION = 1.0;
				PRODUCT_BUNDLE_IDENTIFIER = "Sergey-Kosichkin.LogInAppNew";
				PRODUCT_NAME = "$(TARGET_NAME)";
				SWIFT_EMIT_LOC_STRINGS = YES;
				SWIFT_VERSION = 5.0;
				TARGETED_DEVICE_FAMILY = "1,2";
			};
			name = Release;
		};
/* End XCBuildConfiguration section */

/* Begin XCConfigurationList section */
		961F712D294184F80041882E /* Build configuration list for PBXProject "LogInAppNew" */ = {
			isa = XCConfigurationList;
			buildConfigurations = (
				961F7144294184F90041882E /* Debug */,
				961F7145294184F90041882E /* Release */,
			);
			defaultConfigurationIsVisible = 0;
			defaultConfigurationName = Release;
		};
		961F7146294184F90041882E /* Build configuration list for PBXNativeTarget "LogInAppNew" */ = {
			isa = XCConfigurationList;
			buildConfigurations = (
				961F7147294184F90041882E /* Debug */,
				961F7148294184F90041882E /* Release */,
			);
			defaultConfigurationIsVisible = 0;
			defaultConfigurationName = Release;
		};
/* End XCConfigurationList section */
	};
	rootObject = 961F712A294184F80041882E /* Project object */;
}
